
Microsoft Visual Studio Solution File, Format Version 12.00
# Visual Studio Version 17
VisualStudioVersion = 17.11.35312.102
MinimumVisualStudioVersion = 10.0.40219.1
Project("{FAE04EC0-301F-11D3-BF4B-00C04F79EFBC}") = "teste-jose-api", "teste-jose-api.csproj", "{5AE2067F-5BEB-4E44-A036-18220378E20B}"
EndProject
Global
	GlobalSection(SolutionConfigurationPlatforms) = preSolution
		Debug|Any CPU = Debug|Any CPU
		Release|Any CPU = Release|Any CPU
	EndGlobalSection
	GlobalSection(ProjectConfigurationPlatforms) = postSolution
		{5AE2067F-5BEB-4E44-A036-18220378E20B}.Debug|Any CPU.ActiveCfg = Debug|Any CPU
		{5AE2067F-5BEB-4E44-A036-18220378E20B}.Debug|Any CPU.Build.0 = Debug|Any CPU
		{5AE2067F-5BEB-4E44-A036-18220378E20B}.Release|Any CPU.ActiveCfg = Release|Any CPU
		{5AE2067F-5BEB-4E44-A036-18220378E20B}.Release|Any CPU.Build.0 = Release|Any CPU
	EndGlobalSection
	GlobalSection(SolutionProperties) = preSolution
		HideSolutionNode = FALSE
	EndGlobalSection
	GlobalSection(ExtensibilityGlobals) = postSolution
		SolutionGuid = {B942AA0D-3B6C-433B-B7DF-FB7CB6A388F7}
	EndGlobalSection
EndGlobal
